// !$*UTF8*$!
{
	archiveVersion = 1;
	classes = {
	};
	objectVersion = 50;
	objects = {

/* Begin PBXBuildFile section */
		D33241492593ABB4007B69B8 /* AppDelegate.swift in Sources */ = {isa = PBXBuildFile; fileRef = D33241482593ABB4007B69B8 /* AppDelegate.swift */; };
		D332414B2593ABB4007B69B8 /* ViewController.swift in Sources */ = {isa = PBXBuildFile; fileRef = D332414A2593ABB4007B69B8 /* ViewController.swift */; };
		D332414E2593ABB4007B69B8 /* Main.storyboard in Resources */ = {isa = PBXBuildFile; fileRef = D332414C2593ABB4007B69B8 /* Main.storyboard */; };
		D33241502593ABBA007B69B8 /* Assets.xcassets in Resources */ = {isa = PBXBuildFile; fileRef = D332414F2593ABBA007B69B8 /* Assets.xcassets */; };
		D33241532593ABBA007B69B8 /* LaunchScreen.storyboard in Resources */ = {isa = PBXBuildFile; fileRef = D33241512593ABBA007B69B8 /* LaunchScreen.storyboard */; };
		D332415B259979CF007B69B8 /* Viagem.swift in Sources */ = {isa = PBXBuildFile; fileRef = D332415A259979CF007B69B8 /* Viagem.swift */; };
		D332415D25997B1D007B69B8 /* ViagemDAO.swift in Sources */ = {isa = PBXBuildFile; fileRef = D332415C25997B1D007B69B8 /* ViagemDAO.swift */; };
		D332415F25997E59007B69B8 /* TableViewCell.swift in Sources */ = {isa = PBXBuildFile; fileRef = D332415E25997E59007B69B8 /* TableViewCell.swift */; };
		D3324176259A3A82007B69B8 /* PacotesViagensViewController.swift in Sources */ = {isa = PBXBuildFile; fileRef = D3324175259A3A82007B69B8 /* PacotesViagensViewController.swift */; };
		D3324178259A3BF1007B69B8 /* PacoteViagemCollectionViewCell.swift in Sources */ = {isa = PBXBuildFile; fileRef = D3324177259A3BF1007B69B8 /* PacoteViagemCollectionViewCell.swift */; };
		D332417D259B8D4E007B69B8 /* DetalhesViagensViewController.swift in Sources */ = {isa = PBXBuildFile; fileRef = D332417C259B8D4E007B69B8 /* DetalhesViagensViewController.swift */; };
		D332417F259B941F007B69B8 /* PacoteViagem.swift in Sources */ = {isa = PBXBuildFile; fileRef = D332417E259B941F007B69B8 /* PacoteViagem.swift */; };
		D3324181259B9646007B69B8 /* PacoteViagemDAO.swift in Sources */ = {isa = PBXBuildFile; fileRef = D3324180259B9646007B69B8 /* PacoteViagemDAO.swift */; };
		D3324194259B9697007B69B8 /* icon_back.png in Resources */ = {isa = PBXBuildFile; fileRef = D3324183259B9697007B69B8 /* icon_back.png */; };
		D3324195259B9697007B69B8 /* icon_search@2x.png in Resources */ = {isa = PBXBuildFile; fileRef = D3324184259B9697007B69B8 /* icon_search@2x.png */; };
		D3324196259B9697007B69B8 /* icon_package@2x.png in Resources */ = {isa = PBXBuildFile; fileRef = D3324185259B9697007B69B8 /* icon_package@2x.png */; };
		D3324197259B9697007B69B8 /* img9.jpg in Resources */ = {isa = PBXBuildFile; fileRef = D3324186259B9697007B69B8 /* img9.jpg */; };
		D3324198259B9697007B69B8 /* img8.jpg in Resources */ = {isa = PBXBuildFile; fileRef = D3324187259B9697007B69B8 /* img8.jpg */; };
		D3324199259B9697007B69B8 /* icon_airplane.png in Resources */ = {isa = PBXBuildFile; fileRef = D3324188259B9697007B69B8 /* icon_airplane.png */; };
		D332419A259B9697007B69B8 /* img5.jpg in Resources */ = {isa = PBXBuildFile; fileRef = D3324189259B9697007B69B8 /* img5.jpg */; };
		D332419B259B9697007B69B8 /* img4.jpg in Resources */ = {isa = PBXBuildFile; fileRef = D332418A259B9697007B69B8 /* img4.jpg */; };
		D332419C259B9697007B69B8 /* img6.jpg in Resources */ = {isa = PBXBuildFile; fileRef = D332418B259B9697007B69B8 /* img6.jpg */; };
		D332419D259B9697007B69B8 /* img7.jpg in Resources */ = {isa = PBXBuildFile; fileRef = D332418C259B9697007B69B8 /* img7.jpg */; };
		D332419E259B9697007B69B8 /* img3.jpg in Resources */ = {isa = PBXBuildFile; fileRef = D332418D259B9697007B69B8 /* img3.jpg */; };
		D332419F259B9697007B69B8 /* img2.jpg in Resources */ = {isa = PBXBuildFile; fileRef = D332418E259B9697007B69B8 /* img2.jpg */; };
		D33241A0259B9697007B69B8 /* icon_breakfast.png in Resources */ = {isa = PBXBuildFile; fileRef = D332418F259B9697007B69B8 /* icon_breakfast.png */; };
		D33241A1259B9697007B69B8 /* img1.png in Resources */ = {isa = PBXBuildFile; fileRef = D3324190259B9697007B69B8 /* img1.png */; };
		D33241A2259B9697007B69B8 /* img11.jpg in Resources */ = {isa = PBXBuildFile; fileRef = D3324191259B9697007B69B8 /* img11.jpg */; };
		D33241A3259B9697007B69B8 /* img10.jpg in Resources */ = {isa = PBXBuildFile; fileRef = D3324192259B9697007B69B8 /* img10.jpg */; };
		D33241A4259B9697007B69B8 /* icon_hotel.png in Resources */ = {isa = PBXBuildFile; fileRef = D3324193259B9697007B69B8 /* icon_hotel.png */; };
		D33241A9259BF15C007B69B8 /* ConfirmacaoPagamentoViewController.swift in Sources */ = {isa = PBXBuildFile; fileRef = D33241A8259BF15C007B69B8 /* ConfirmacaoPagamentoViewController.swift */; };
/* End PBXBuildFile section */

/* Begin PBXFileReference section */
		D33241452593ABB3007B69B8 /* Alura Viagens.app */ = {isa = PBXFileReference; explicitFileType = wrapper.application; includeInIndex = 0; path = "Alura Viagens.app"; sourceTree = BUILT_PRODUCTS_DIR; };
		D33241482593ABB4007B69B8 /* AppDelegate.swift */ = {isa = PBXFileReference; lastKnownFileType = sourcecode.swift; path = AppDelegate.swift; sourceTree = "<group>"; };
		D332414A2593ABB4007B69B8 /* ViewController.swift */ = {isa = PBXFileReference; lastKnownFileType = sourcecode.swift; path = ViewController.swift; sourceTree = "<group>"; };
		D332414D2593ABB4007B69B8 /* Base */ = {isa = PBXFileReference; lastKnownFileType = file.storyboard; name = Base; path = Base.lproj/Main.storyboard; sourceTree = "<group>"; };
		D332414F2593ABBA007B69B8 /* Assets.xcassets */ = {isa = PBXFileReference; lastKnownFileType = folder.assetcatalog; path = Assets.xcassets; sourceTree = "<group>"; };
		D33241522593ABBA007B69B8 /* Base */ = {isa = PBXFileReference; lastKnownFileType = file.storyboard; name = Base; path = Base.lproj/LaunchScreen.storyboard; sourceTree = "<group>"; };
		D33241542593ABBA007B69B8 /* Info.plist */ = {isa = PBXFileReference; lastKnownFileType = text.plist.xml; path = Info.plist; sourceTree = "<group>"; };
		D332415A259979CF007B69B8 /* Viagem.swift */ = {isa = PBXFileReference; lastKnownFileType = sourcecode.swift; path = Viagem.swift; sourceTree = "<group>"; };
		D332415C25997B1D007B69B8 /* ViagemDAO.swift */ = {isa = PBXFileReference; fileEncoding = 4; lastKnownFileType = sourcecode.swift; path = ViagemDAO.swift; sourceTree = "<group>"; };
		D332415E25997E59007B69B8 /* TableViewCell.swift */ = {isa = PBXFileReference; lastKnownFileType = sourcecode.swift; path = TableViewCell.swift; sourceTree = "<group>"; };
		D3324175259A3A82007B69B8 /* PacotesViagensViewController.swift */ = {isa = PBXFileReference; lastKnownFileType = sourcecode.swift; path = PacotesViagensViewController.swift; sourceTree = "<group>"; };
		D3324177259A3BF1007B69B8 /* PacoteViagemCollectionViewCell.swift */ = {isa = PBXFileReference; lastKnownFileType = sourcecode.swift; path = PacoteViagemCollectionViewCell.swift; sourceTree = "<group>"; };
		D332417C259B8D4E007B69B8 /* DetalhesViagensViewController.swift */ = {isa = PBXFileReference; lastKnownFileType = sourcecode.swift; path = DetalhesViagensViewController.swift; sourceTree = "<group>"; };
		D332417E259B941F007B69B8 /* PacoteViagem.swift */ = {isa = PBXFileReference; lastKnownFileType = sourcecode.swift; path = PacoteViagem.swift; sourceTree = "<group>"; };
		D3324180259B9646007B69B8 /* PacoteViagemDAO.swift */ = {isa = PBXFileReference; fileEncoding = 4; lastKnownFileType = sourcecode.swift; path = PacoteViagemDAO.swift; sourceTree = "<group>"; };
		D3324183259B9697007B69B8 /* icon_back.png */ = {isa = PBXFileReference; lastKnownFileType = image.png; path = icon_back.png; sourceTree = "<group>"; };
		D3324184259B9697007B69B8 /* icon_search@2x.png */ = {isa = PBXFileReference; lastKnownFileType = image.png; path = "icon_search@2x.png"; sourceTree = "<group>"; };
		D3324185259B9697007B69B8 /* icon_package@2x.png */ = {isa = PBXFileReference; lastKnownFileType = image.png; path = "icon_package@2x.png"; sourceTree = "<group>"; };
		D3324186259B9697007B69B8 /* img9.jpg */ = {isa = PBXFileReference; lastKnownFileType = image.jpeg; path = img9.jpg; sourceTree = "<group>"; };
		D3324187259B9697007B69B8 /* img8.jpg */ = {isa = PBXFileReference; lastKnownFileType = image.jpeg; path = img8.jpg; sourceTree = "<group>"; };
		D3324188259B9697007B69B8 /* icon_airplane.png */ = {isa = PBXFileReference; lastKnownFileType = image.png; path = icon_airplane.png; sourceTree = "<group>"; };
		D3324189259B9697007B69B8 /* img5.jpg */ = {isa = PBXFileReference; lastKnownFileType = image.jpeg; path = img5.jpg; sourceTree = "<group>"; };
		D332418A259B9697007B69B8 /* img4.jpg */ = {isa = PBXFileReference; lastKnownFileType = image.jpeg; path = img4.jpg; sourceTree = "<group>"; };
		D332418B259B9697007B69B8 /* img6.jpg */ = {isa = PBXFileReference; lastKnownFileType = image.jpeg; path = img6.jpg; sourceTree = "<group>"; };
		D332418C259B9697007B69B8 /* img7.jpg */ = {isa = PBXFileReference; lastKnownFileType = image.jpeg; path = img7.jpg; sourceTree = "<group>"; };
		D332418D259B9697007B69B8 /* img3.jpg */ = {isa = PBXFileReference; lastKnownFileType = image.jpeg; path = img3.jpg; sourceTree = "<group>"; };
		D332418E259B9697007B69B8 /* img2.jpg */ = {isa = PBXFileReference; lastKnownFileType = image.jpeg; path = img2.jpg; sourceTree = "<group>"; };
		D332418F259B9697007B69B8 /* icon_breakfast.png */ = {isa = PBXFileReference; lastKnownFileType = image.png; path = icon_breakfast.png; sourceTree = "<group>"; };
		D3324190259B9697007B69B8 /* img1.png */ = {isa = PBXFileReference; lastKnownFileType = image.png; path = img1.png; sourceTree = "<group>"; };
		D3324191259B9697007B69B8 /* img11.jpg */ = {isa = PBXFileReference; lastKnownFileType = image.jpeg; path = img11.jpg; sourceTree = "<group>"; };
		D3324192259B9697007B69B8 /* img10.jpg */ = {isa = PBXFileReference; lastKnownFileType = image.jpeg; path = img10.jpg; sourceTree = "<group>"; };
		D3324193259B9697007B69B8 /* icon_hotel.png */ = {isa = PBXFileReference; lastKnownFileType = image.png; path = icon_hotel.png; sourceTree = "<group>"; };
		D33241A8259BF15C007B69B8 /* ConfirmacaoPagamentoViewController.swift */ = {isa = PBXFileReference; lastKnownFileType = sourcecode.swift; path = ConfirmacaoPagamentoViewController.swift; sourceTree = "<group>"; };
/* End PBXFileReference section */

/* Begin PBXFrameworksBuildPhase section */
		D33241422593ABB3007B69B8 /* Frameworks */ = {
			isa = PBXFrameworksBuildPhase;
			buildActionMask = 2147483647;
			files = (
			);
			runOnlyForDeploymentPostprocessing = 0;
		};
/* End PBXFrameworksBuildPhase section */

/* Begin PBXGroup section */
		D332413C2593ABB3007B69B8 = {
			isa = PBXGroup;
			children = (
				D33241472593ABB3007B69B8 /* Alura Viagens */,
				D33241462593ABB3007B69B8 /* Products */,
			);
			sourceTree = "<group>";
		};
		D33241462593ABB3007B69B8 /* Products */ = {
			isa = PBXGroup;
			children = (
				D33241452593ABB3007B69B8 /* Alura Viagens.app */,
			);
			name = Products;
			sourceTree = "<group>";
		};
		D33241472593ABB3007B69B8 /* Alura Viagens */ = {
			isa = PBXGroup;
			children = (
				D33241482593ABB4007B69B8 /* AppDelegate.swift */,
				D332416D25998A71007B69B8 /* Model */,
				D332416E25998A9E007B69B8 /* Home */,
				D3324172259A3A2D007B69B8 /* Pacotes */,
				D3324179259B8CD9007B69B8 /* DetalhesViagem */,
				D33241A6259BF104007B69B8 /* ConfirmacaoPagamento */,
				D332417125998AFF007B69B8 /* ViagemDAO */,
				D332414C2593ABB4007B69B8 /* Main.storyboard */,
				D3324182259B9697007B69B8 /* Assets */,
				D332414F2593ABBA007B69B8 /* Assets.xcassets */,
				D33241512593ABBA007B69B8 /* LaunchScreen.storyboard */,
				D33241542593ABBA007B69B8 /* Info.plist */,
			);
			path = "Alura Viagens";
			sourceTree = "<group>";
		};
		D332416D25998A71007B69B8 /* Model */ = {
			isa = PBXGroup;
			children = (
				D332415A259979CF007B69B8 /* Viagem.swift */,
				D332417E259B941F007B69B8 /* PacoteViagem.swift */,
			);
			path = Model;
			sourceTree = "<group>";
		};
		D332416E25998A9E007B69B8 /* Home */ = {
			isa = PBXGroup;
			children = (
				D332416F25998ABF007B69B8 /* Controller */,
				D332417025998AC9007B69B8 /* View */,
			);
			path = Home;
			sourceTree = "<group>";
		};
		D332416F25998ABF007B69B8 /* Controller */ = {
			isa = PBXGroup;
			children = (
				D332414A2593ABB4007B69B8 /* ViewController.swift */,
			);
			path = Controller;
			sourceTree = "<group>";
		};
		D332417025998AC9007B69B8 /* View */ = {
			isa = PBXGroup;
			children = (
				D332415E25997E59007B69B8 /* TableViewCell.swift */,
			);
			path = View;
			sourceTree = "<group>";
		};
		D332417125998AFF007B69B8 /* ViagemDAO */ = {
			isa = PBXGroup;
			children = (
				D3324180259B9646007B69B8 /* PacoteViagemDAO.swift */,
				D332415C25997B1D007B69B8 /* ViagemDAO.swift */,
			);
			path = ViagemDAO;
			sourceTree = "<group>";
		};
		D3324172259A3A2D007B69B8 /* Pacotes */ = {
			isa = PBXGroup;
			children = (
				D3324173259A3A40007B69B8 /* Controller */,
				D3324174259A3A48007B69B8 /* View */,
			);
			path = Pacotes;
			sourceTree = "<group>";
		};
		D3324173259A3A40007B69B8 /* Controller */ = {
			isa = PBXGroup;
			children = (
				D3324175259A3A82007B69B8 /* PacotesViagensViewController.swift */,
			);
			path = Controller;
			sourceTree = "<group>";
		};
		D3324174259A3A48007B69B8 /* View */ = {
			isa = PBXGroup;
			children = (
				D3324177259A3BF1007B69B8 /* PacoteViagemCollectionViewCell.swift */,
			);
			path = View;
			sourceTree = "<group>";
		};
		D3324179259B8CD9007B69B8 /* DetalhesViagem */ = {
			isa = PBXGroup;
			children = (
				D332417A259B8D09007B69B8 /* View */,
				D332417B259B8D0E007B69B8 /* Controller */,
			);
			path = DetalhesViagem;
			sourceTree = "<group>";
		};
		D332417A259B8D09007B69B8 /* View */ = {
			isa = PBXGroup;
			children = (
			);
			path = View;
			sourceTree = "<group>";
		};
		D332417B259B8D0E007B69B8 /* Controller */ = {
			isa = PBXGroup;
			children = (
				D332417C259B8D4E007B69B8 /* DetalhesViagensViewController.swift */,
			);
			path = Controller;
			sourceTree = "<group>";
		};
		D3324182259B9697007B69B8 /* Assets */ = {
			isa = PBXGroup;
			children = (
				D3324183259B9697007B69B8 /* icon_back.png */,
				D3324184259B9697007B69B8 /* icon_search@2x.png */,
				D3324185259B9697007B69B8 /* icon_package@2x.png */,
				D3324186259B9697007B69B8 /* img9.jpg */,
				D3324187259B9697007B69B8 /* img8.jpg */,
				D3324188259B9697007B69B8 /* icon_airplane.png */,
				D3324189259B9697007B69B8 /* img5.jpg */,
				D332418A259B9697007B69B8 /* img4.jpg */,
				D332418B259B9697007B69B8 /* img6.jpg */,
				D332418C259B9697007B69B8 /* img7.jpg */,
				D332418D259B9697007B69B8 /* img3.jpg */,
				D332418E259B9697007B69B8 /* img2.jpg */,
				D332418F259B9697007B69B8 /* icon_breakfast.png */,
				D3324190259B9697007B69B8 /* img1.png */,
				D3324191259B9697007B69B8 /* img11.jpg */,
				D3324192259B9697007B69B8 /* img10.jpg */,
				D3324193259B9697007B69B8 /* icon_hotel.png */,
			);
			name = Assets;
			path = "../../../../Downloads/arquivos-externos/Assets";
			sourceTree = "<group>";
		};
		D33241A6259BF104007B69B8 /* ConfirmacaoPagamento */ = {
			isa = PBXGroup;
			children = (
				D33241A7259BF134007B69B8 /* Controller */,
			);
			path = ConfirmacaoPagamento;
			sourceTree = "<group>";
		};
		D33241A7259BF134007B69B8 /* Controller */ = {
			isa = PBXGroup;
			children = (
				D33241A8259BF15C007B69B8 /* ConfirmacaoPagamentoViewController.swift */,
			);
			path = Controller;
			sourceTree = "<group>";
		};
/* End PBXGroup section */

/* Begin PBXNativeTarget section */
		D33241442593ABB3007B69B8 /* Alura Viagens */ = {
			isa = PBXNativeTarget;
			buildConfigurationList = D33241572593ABBA007B69B8 /* Build configuration list for PBXNativeTarget "Alura Viagens" */;
			buildPhases = (
				D33241412593ABB3007B69B8 /* Sources */,
				D33241422593ABB3007B69B8 /* Frameworks */,
				D33241432593ABB3007B69B8 /* Resources */,
			);
			buildRules = (
			);
			dependencies = (
			);
			name = "Alura Viagens";
			productName = "Alura Viagens";
			productReference = D33241452593ABB3007B69B8 /* Alura Viagens.app */;
			productType = "com.apple.product-type.application";
		};
/* End PBXNativeTarget section */

/* Begin PBXProject section */
		D332413D2593ABB3007B69B8 /* Project object */ = {
			isa = PBXProject;
			attributes = {
				LastSwiftUpdateCheck = 1010;
				LastUpgradeCheck = 1010;
				ORGANIZATIONNAME = "Aloisio Formento Junior";
				TargetAttributes = {
					D33241442593ABB3007B69B8 = {
						CreatedOnToolsVersion = 10.1;
					};
				};
			};
			buildConfigurationList = D33241402593ABB3007B69B8 /* Build configuration list for PBXProject "Alura Viagens" */;
			compatibilityVersion = "Xcode 9.3";
			developmentRegion = en;
			hasScannedForEncodings = 0;
			knownRegions = (
				en,
				Base,
			);
			mainGroup = D332413C2593ABB3007B69B8;
			productRefGroup = D33241462593ABB3007B69B8 /* Products */;
			projectDirPath = "";
			projectRoot = "";
			targets = (
				D33241442593ABB3007B69B8 /* Alura Viagens */,
			);
		};
/* End PBXProject section */

/* Begin PBXResourcesBuildPhase section */
		D33241432593ABB3007B69B8 /* Resources */ = {
			isa = PBXResourcesBuildPhase;
			buildActionMask = 2147483647;
			files = (
				D33241A0259B9697007B69B8 /* icon_breakfast.png in Resources */,
				D3324196259B9697007B69B8 /* icon_package@2x.png in Resources */,
				D332419F259B9697007B69B8 /* img2.jpg in Resources */,
				D332419B259B9697007B69B8 /* img4.jpg in Resources */,
				D332419A259B9697007B69B8 /* img5.jpg in Resources */,
				D332419E259B9697007B69B8 /* img3.jpg in Resources */,
				D33241532593ABBA007B69B8 /* LaunchScreen.storyboard in Resources */,
				D33241A1259B9697007B69B8 /* img1.png in Resources */,
				D3324194259B9697007B69B8 /* icon_back.png in Resources */,
				D33241502593ABBA007B69B8 /* Assets.xcassets in Resources */,
				D3324198259B9697007B69B8 /* img8.jpg in Resources */,
				D332419D259B9697007B69B8 /* img7.jpg in Resources */,
				D332414E2593ABB4007B69B8 /* Main.storyboard in Resources */,
				D33241A3259B9697007B69B8 /* img10.jpg in Resources */,
				D3324195259B9697007B69B8 /* icon_search@2x.png in Resources */,
				D3324199259B9697007B69B8 /* icon_airplane.png in Resources */,
				D332419C259B9697007B69B8 /* img6.jpg in Resources */,
				D33241A4259B9697007B69B8 /* icon_hotel.png in Resources */,
				D3324197259B9697007B69B8 /* img9.jpg in Resources */,
				D33241A2259B9697007B69B8 /* img11.jpg in Resources */,
			);
			runOnlyForDeploymentPostprocessing = 0;
		};
/* End PBXResourcesBuildPhase section */

/* Begin PBXSourcesBuildPhase section */
		D33241412593ABB3007B69B8 /* Sources */ = {
			isa = PBXSourcesBuildPhase;
			buildActionMask = 2147483647;
			files = (
				D332415F25997E59007B69B8 /* TableViewCell.swift in Sources */,
				D332414B2593ABB4007B69B8 /* ViewController.swift in Sources */,
				D332415B259979CF007B69B8 /* Viagem.swift in Sources */,
				D33241492593ABB4007B69B8 /* AppDelegate.swift in Sources */,
				D332417D259B8D4E007B69B8 /* DetalhesViagensViewController.swift in Sources */,
				D3324181259B9646007B69B8 /* PacoteViagemDAO.swift in Sources */,
				D3324176259A3A82007B69B8 /* PacotesViagensViewController.swift in Sources */,
				D33241A9259BF15C007B69B8 /* ConfirmacaoPagamentoViewController.swift in Sources */,
				D3324178259A3BF1007B69B8 /* PacoteViagemCollectionViewCell.swift in Sources */,
				D332415D25997B1D007B69B8 /* ViagemDAO.swift in Sources */,
				D332417F259B941F007B69B8 /* PacoteViagem.swift in Sources */,
			);
			runOnlyForDeploymentPostprocessing = 0;
		};
/* End PBXSourcesBuildPhase section */

/* Begin PBXVariantGroup section */
		D332414C2593ABB4007B69B8 /* Main.storyboard */ = {
			isa = PBXVariantGroup;
			children = (
				D332414D2593ABB4007B69B8 /* Base */,
			);
			name = Main.storyboard;
			sourceTree = "<group>";
		};
		D33241512593ABBA007B69B8 /* LaunchScreen.storyboard */ = {
			isa = PBXVariantGroup;
			children = (
				D33241522593ABBA007B69B8 /* Base */,
			);
			name = LaunchScreen.storyboard;
			sourceTree = "<group>";
		};
/* End PBXVariantGroup section */

/* Begin XCBuildConfiguration section */
		D33241552593ABBA007B69B8 /* Debug */ = {
			isa = XCBuildConfiguration;
			buildSettings = {
				ALWAYS_SEARCH_USER_PATHS = NO;
				CLANG_ANALYZER_NONNULL = YES;
				CLANG_ANALYZER_NUMBER_OBJECT_CONVERSION = YES_AGGRESSIVE;
				CLANG_CXX_LANGUAGE_STANDARD = "gnu++14";
				CLANG_CXX_LIBRARY = "libc++";
				CLANG_ENABLE_MODULES = YES;
				CLANG_ENABLE_OBJC_ARC = YES;
				CLANG_ENABLE_OBJC_WEAK = YES;
				CLANG_WARN_BLOCK_CAPTURE_AUTORELEASING = YES;
				CLANG_WARN_BOOL_CONVERSION = YES;
				CLANG_WARN_COMMA = YES;
				CLANG_WARN_CONSTANT_CONVERSION = YES;
				CLANG_WARN_DEPRECATED_OBJC_IMPLEMENTATIONS = YES;
				CLANG_WARN_DIRECT_OBJC_ISA_USAGE = YES_ERROR;
				CLANG_WARN_DOCUMENTATION_COMMENTS = YES;
				CLANG_WARN_EMPTY_BODY = YES;
				CLANG_WARN_ENUM_CONVERSION = YES;
				CLANG_WARN_INFINITE_RECURSION = YES;
				CLANG_WARN_INT_CONVERSION = YES;
				CLANG_WARN_NON_LITERAL_NULL_CONVERSION = YES;
				CLANG_WARN_OBJC_IMPLICIT_RETAIN_SELF = YES;
				CLANG_WARN_OBJC_LITERAL_CONVERSION = YES;
				CLANG_WARN_OBJC_ROOT_CLASS = YES_ERROR;
				CLANG_WARN_RANGE_LOOP_ANALYSIS = YES;
				CLANG_WARN_STRICT_PROTOTYPES = YES;
				CLANG_WARN_SUSPICIOUS_MOVE = YES;
				CLANG_WARN_UNGUARDED_AVAILABILITY = YES_AGGRESSIVE;
				CLANG_WARN_UNREACHABLE_CODE = YES;
				CLANG_WARN__DUPLICATE_METHOD_MATCH = YES;
				CODE_SIGN_IDENTITY = "iPhone Developer";
				COPY_PHASE_STRIP = NO;
				DEBUG_INFORMATION_FORMAT = dwarf;
				ENABLE_STRICT_OBJC_MSGSEND = YES;
				ENABLE_TESTABILITY = YES;
				GCC_C_LANGUAGE_STANDARD = gnu11;
				GCC_DYNAMIC_NO_PIC = NO;
				GCC_NO_COMMON_BLOCKS = YES;
				GCC_OPTIMIZATION_LEVEL = 0;
				GCC_PREPROCESSOR_DEFINITIONS = (
					"DEBUG=1",
					"$(inherited)",
				);
				GCC_WARN_64_TO_32_BIT_CONVERSION = YES;
				GCC_WARN_ABOUT_RETURN_TYPE = YES_ERROR;
				GCC_WARN_UNDECLARED_SELECTOR = YES;
				GCC_WARN_UNINITIALIZED_AUTOS = YES_AGGRESSIVE;
				GCC_WARN_UNUSED_FUNCTION = YES;
				GCC_WARN_UNUSED_VARIABLE = YES;
				IPHONEOS_DEPLOYMENT_TARGET = 12.1;
				MTL_ENABLE_DEBUG_INFO = INCLUDE_SOURCE;
				MTL_FAST_MATH = YES;
				ONLY_ACTIVE_ARCH = YES;
				SDKROOT = iphoneos;
				SWIFT_ACTIVE_COMPILATION_CONDITIONS = DEBUG;
				SWIFT_OPTIMIZATION_LEVEL = "-Onone";
			};
			name = Debug;
		};
		D33241562593ABBA007B69B8 /* Release */ = {
			isa = XCBuildConfiguration;
			buildSettings = {
				ALWAYS_SEARCH_USER_PATHS = NO;
				CLANG_ANALYZER_NONNULL = YES;
				CLANG_ANALYZER_NUMBER_OBJECT_CONVERSION = YES_AGGRESSIVE;
				CLANG_CXX_LANGUAGE_STANDARD = "gnu++14";
				CLANG_CXX_LIBRARY = "libc++";
				CLANG_ENABLE_MODULES = YES;
				CLANG_ENABLE_OBJC_ARC = YES;
				CLANG_ENABLE_OBJC_WEAK = YES;
				CLANG_WARN_BLOCK_CAPTURE_AUTORELEASING = YES;
				CLANG_WARN_BOOL_CONVERSION = YES;
				CLANG_WARN_COMMA = YES;
				CLANG_WARN_CONSTANT_CONVERSION = YES;
				CLANG_WARN_DEPRECATED_OBJC_IMPLEMENTATIONS = YES;
				CLANG_WARN_DIRECT_OBJC_ISA_USAGE = YES_ERROR;
				CLANG_WARN_DOCUMENTATION_COMMENTS = YES;
				CLANG_WARN_EMPTY_BODY = YES;
				CLANG_WARN_ENUM_CONVERSION = YES;
				CLANG_WARN_INFINITE_RECURSION = YES;
				CLANG_WARN_INT_CONVERSION = YES;
				CLANG_WARN_NON_LITERAL_NULL_CONVERSION = YES;
				CLANG_WARN_OBJC_IMPLICIT_RETAIN_SELF = YES;
				CLANG_WARN_OBJC_LITERAL_CONVERSION = YES;
				CLANG_WARN_OBJC_ROOT_CLASS = YES_ERROR;
				CLANG_WARN_RANGE_LOOP_ANALYSIS = YES;
				CLANG_WARN_STRICT_PROTOTYPES = YES;
				CLANG_WARN_SUSPICIOUS_MOVE = YES;
				CLANG_WARN_UNGUARDED_AVAILABILITY = YES_AGGRESSIVE;
				CLANG_WARN_UNREACHABLE_CODE = YES;
				CLANG_WARN__DUPLICATE_METHOD_MATCH = YES;
				CODE_SIGN_IDENTITY = "iPhone Developer";
				COPY_PHASE_STRIP = NO;
				DEBUG_INFORMATION_FORMAT = "dwarf-with-dsym";
				ENABLE_NS_ASSERTIONS = NO;
				ENABLE_STRICT_OBJC_MSGSEND = YES;
				GCC_C_LANGUAGE_STANDARD = gnu11;
				GCC_NO_COMMON_BLOCKS = YES;
				GCC_WARN_64_TO_32_BIT_CONVERSION = YES;
				GCC_WARN_ABOUT_RETURN_TYPE = YES_ERROR;
				GCC_WARN_UNDECLARED_SELECTOR = YES;
				GCC_WARN_UNINITIALIZED_AUTOS = YES_AGGRESSIVE;
				GCC_WARN_UNUSED_FUNCTION = YES;
				GCC_WARN_UNUSED_VARIABLE = YES;
				IPHONEOS_DEPLOYMENT_TARGET = 12.1;
				MTL_ENABLE_DEBUG_INFO = NO;
				MTL_FAST_MATH = YES;
				SDKROOT = iphoneos;
				SWIFT_COMPILATION_MODE = wholemodule;
				SWIFT_OPTIMIZATION_LEVEL = "-O";
				VALIDATE_PRODUCT = YES;
			};
			name = Release;
		};
		D33241582593ABBA007B69B8 /* Debug */ = {
			isa = XCBuildConfiguration;
			buildSettings = {
				ASSETCATALOG_COMPILER_APPICON_NAME = AppIcon;
				CODE_SIGN_STYLE = Automatic;
				INFOPLIST_FILE = "Alura Viagens/Info.plist";
				LD_RUNPATH_SEARCH_PATHS = (
					"$(inherited)",
					"@executable_path/Frameworks",
				);
				PRODUCT_BUNDLE_IDENTIFIER = "identificadorProjetoExemplo.Alura-Viagens";
				PRODUCT_NAME = "$(TARGET_NAME)";
				SWIFT_VERSION = 4.2;
				TARGETED_DEVICE_FAMILY = "1,2";
			};
			name = Debug;
		};
		D33241592593ABBA007B69B8 /* Release */ = {
			isa = XCBuildConfiguration;
			buildSettings = {
				ASSETCATALOG_COMPILER_APPICON_NAME = AppIcon;
				CODE_SIGN_STYLE = Automatic;
				INFOPLIST_FILE = "Alura Viagens/Info.plist";
				LD_RUNPATH_SEARCH_PATHS = (
					"$(inherited)",
					"@executable_path/Frameworks",
				);
				PRODUCT_BUNDLE_IDENTIFIER = "identificadorProjetoExemplo.Alura-Viagens";
				PRODUCT_NAME = "$(TARGET_NAME)";
				SWIFT_VERSION = 4.2;
				TARGETED_DEVICE_FAMILY = "1,2";
			};
			name = Release;
		};
/* End XCBuildConfiguration section */

/* Begin XCConfigurationList section */
		D33241402593ABB3007B69B8 /* Build configuration list for PBXProject "Alura Viagens" */ = {
			isa = XCConfigurationList;
			buildConfigurations = (
				D33241552593ABBA007B69B8 /* Debug */,
				D33241562593ABBA007B69B8 /* Release */,
			);
			defaultConfigurationIsVisible = 0;
			defaultConfigurationName = Release;
		};
		D33241572593ABBA007B69B8 /* Build configuration list for PBXNativeTarget "Alura Viagens" */ = {
			isa = XCConfigurationList;
			buildConfigurations = (
				D33241582593ABBA007B69B8 /* Debug */,
				D33241592593ABBA007B69B8 /* Release */,
			);
			defaultConfigurationIsVisible = 0;
			defaultConfigurationName = Release;
		};
/* End XCConfigurationList section */
	};
	rootObject = D332413D2593ABB3007B69B8 /* Project object */;
}
